
Microsoft Visual Studio Solution File, Format Version 12.00
# Visual Studio Version 17
VisualStudioVersion = 17.11.35312.102
MinimumVisualStudioVersion = 10.0.40219.1
Project("{FAE04EC0-301F-11D3-BF4B-00C04F79EFBC}") = "TallerAutomatización", "TallerAutomatización.csproj", "{74826405-CF15-4B87-A08F-B91BA3F18726}"
EndProject
Global
	GlobalSection(SolutionConfigurationPlatforms) = preSolution
		Debug|Any CPU = Debug|Any CPU
		Release|Any CPU = Release|Any CPU
	EndGlobalSection
	GlobalSection(ProjectConfigurationPlatforms) = postSolution
		{74826405-CF15-4B87-A08F-B91BA3F18726}.Debug|Any CPU.ActiveCfg = Debug|Any CPU
		{74826405-CF15-4B87-A08F-B91BA3F18726}.Debug|Any CPU.Build.0 = Debug|Any CPU
		{74826405-CF15-4B87-A08F-B91BA3F18726}.Release|Any CPU.ActiveCfg = Release|Any CPU
		{74826405-CF15-4B87-A08F-B91BA3F18726}.Release|Any CPU.Build.0 = Release|Any CPU
	EndGlobalSection
	GlobalSection(SolutionProperties) = preSolution
		HideSolutionNode = FALSE
	EndGlobalSection
	GlobalSection(ExtensibilityGlobals) = postSolution
		SolutionGuid = {09BFCF53-3598-4CE4-AE8F-BC01F1E4DDFF}
	EndGlobalSection
EndGlobal
